{
  "nodes": {
    "bambustudio": {
      "inputs": {
        "nixpkgs": [
          "nixpkgs"
        ]
      },
      "locked": {
        "lastModified": 1783118060,
        "narHash": "sha256-BJg/qq+O2YR/cxsTAjqLwbSEmIe3vBejVFWJO8UgjUA=",
        "ref": "refs/heads/main",
        "rev": "f36491b9b9aa5a65a9db02fd9ba22199f245e784",
        "revCount": 2,
        "type": "git",
        "url": "https://github.com/Mathew-D/bambustudio-nix"
      },
      "original": {
        "type": "git",
        "url": "https://github.com/Mathew-D/bambustudio-nix"
      }
    },
    "chaotic": {
      "inputs": {
        "flake-schemas": "flake-schemas",
        "home-manager": "home-manager",
        "nixpkgs": "nixpkgs"
      },
      "locked": {
        "lastModified": 1784878151,
        "narHash": "sha256-LrQAuO/DFFka3k9OBvtlBYLNucRPCwTcga7Mr94sup8=",
        "owner": "chaotic-cx",
        "repo": "nyx",
        "rev": "c9fbc88dcd478668f29a8fdcc77975014f80ecbc",
        "type": "github"
      },
      "original": {
        "owner": "chaotic-cx",
        "ref": "nyxpkgs-unstable",
        "repo": "nyx",
        "type": "github"
      }
    },
    "devin": {
      "inputs": {
        "nixpkgs": [
          "nixpkgs"
        ],
        "utils": "utils"
      },
      "locked": {
        "lastModified": 1784931220,
        "narHash": "sha256-nLsoFdI650fuXoehzNjl5gPkaL9ODKyucmJacnkK/ns=",
        "owner": "Mathew-D",
        "repo": "devin-desktop-nix",
        "rev": "8fd1ea1ef4299eed6470a9560942bae650d6f008",
        "type": "github"
      },
      "original": {
        "owner": "Mathew-D",
        "repo": "devin-desktop-nix",
        "type": "github"
      }
    },
    "flake-parts": {
      "inputs": {
        "nixpkgs-lib": "nixpkgs-lib"
      },
      "locked": {
        "lastModified": 1778716662,
        "narHash": "sha256-m1Yf0wZ8j1OHjTc2UwHwyQRSnNeSgLJOd7q5Y45hzi4=",
        "owner": "hercules-ci",
        "repo": "flake-parts",
        "rev": "f7c1a2d347e4c52d5fb8d10cb4d94b5884e546fb",
        "type": "github"
      },
      "original": {
        "owner": "hercules-ci",
        "repo": "flake-parts",
        "type": "github"
      }
    },
    "flake-schemas": {
      "locked": {
        "lastModified": 1780327564,
        "narHash": "sha256-HiRPtA0spK+Dkgbhz/1zW9glXxNVB+L4Rj2VYmdawb8=",
        "rev": "6cc9bd98891b1fc6bb2b8cb3277df8bc72799ca6",
        "revCount": 149,
        "type": "tarball",
        "url": "https://api.flakehub.com/f/pinned/DeterminateSystems/flake-schemas/0.5.0/019e83cf-9af3-78b1-ac5b-70e68ad1efe1/source.tar.gz"
      },
      "original": {
        "type": "tarball",
        "url": "https://flakehub.com/f/DeterminateSystems/flake-schemas/%3D0.5.0.tar.gz"
      }
    },
    "home-manager": {
      "inputs": {
        "nixpkgs": [
          "chaotic",
          "nixpkgs"
        ]
      },
      "locked": {
        "lastModified": 1784725727,
        "narHash": "sha256-J5+C9wsO0lhDyUalQzfplDbRjyHDYeEH5+9sdyXtwa8=",
        "owner": "nix-community",
        "repo": "home-manager",
        "rev": "041a999e8c1c5b731913855909e68d30ca69b8e0",
        "type": "github"
      },
      "original": {
        "owner": "nix-community",
        "repo": "home-manager",
        "type": "github"
      }
    },
    "home-manager_2": {
      "inputs": {
        "nixpkgs": [
          "nixpkgs"
        ]
      },
      "locked": {
        "lastModified": 1784350909,
        "narHash": "sha256-ZWyzLbS1yKUTeFJLmdVuWNnHttL333/ldJbEE+KzCrM=",
        "owner": "nix-community",
        "repo": "home-manager",
        "rev": "4ce190229c73d44536caa7072f6308fb2d8feeb3",
        "type": "github"
      },
      "original": {
        "owner": "nix-community",
        "ref": "release-26.05",
        "repo": "home-manager",
        "type": "github"
      }
    },
    "nixpkgs": {
      "locked": {
        "lastModified": 1784497964,
        "narHash": "sha256-vlHUuqAcbcH2RKmHbPiuQzbv1pnzzavXnI62RD0bqCU=",
        "owner": "NixOS",
        "repo": "nixpkgs",
        "rev": "241313f4e8e508cb9b13278c2b0fa25b9ca27163",
        "type": "github"
      },
      "original": {
        "owner": "NixOS",
        "ref": "nixos-unstable",
        "repo": "nixpkgs",
        "type": "github"
      }
    },
    "nixpkgs-lib": {
      "locked": {
        "lastModified": 1777168982,
        "narHash": "sha256-GOkGPcboWE9BmGCRMLX3worL4EMnsnG8MyKmXNeYuhQ=",
        "owner": "nix-community",
        "repo": "nixpkgs.lib",
        "rev": "f5901329dade4a6ea039af1433fb087bd9c1fe14",
        "type": "github"
      },
      "original": {
        "owner": "nix-community",
        "repo": "nixpkgs.lib",
        "type": "github"
      }
    },
    "nixpkgs_2": {
      "locked": {
        "lastModified": 1784707089,
        "narHash": "sha256-2V/6imsUgB7mPZlHY54oeVBRDoZbPKnvzwkAHUSSufk=",
        "owner": "NixOS",
        "repo": "nixpkgs",
        "rev": "b3fe9581c9061c749abef42b6d4ee7b7c05c33fa",
        "type": "github"
      },
      "original": {
        "owner": "NixOS",
        "ref": "nixos-26.05",
        "repo": "nixpkgs",
        "type": "github"
      }
    },
    "nixpkgs_3": {
      "locked": {
        "lastModified": 1784356753,
        "narHash": "sha256-zupdTm41be2fY8cexroEOGjopl3F2Gqs3gk7ieqaM3s=",
        "rev": "61b7c44c4073f0b827768aff0049561b5110ea5a",
        "type": "tarball",
        "url": "https://releases.nixos.org/nixos/unstable/nixos-26.11pre1036777.61b7c44c4073/nixexprs.tar.xz"
      },
      "original": {
        "type": "tarball",
        "url": "https://channels.nixos.org/nixos-unstable/nixexprs.tar.xz"
      }
    },
    "nixpkgs_4": {
      "locked": {
        "lastModified": 1780243769,
        "narHash": "sha256-x5UQuRsH3MqI0U9afaXSNqzTPSeZlRLvFAav2Ux1pNw=",
        "owner": "nixos",
        "repo": "nixpkgs",
        "rev": "331800de5053fcebacf6813adb5db9c9dca22a0c",
        "type": "github"
      },
      "original": {
        "owner": "nixos",
        "ref": "nixos-unstable",
        "repo": "nixpkgs",
        "type": "github"
      }
    },
    "noctalia": {
      "inputs": {
        "nixpkgs": "nixpkgs_3"
      },
      "locked": {
        "lastModified": 1784925811,
        "narHash": "sha256-bi9hKFIoxSEVe3JA1O626ret/UqNuQH6b/3RgRFWRwY=",
        "owner": "noctalia-dev",
        "repo": "noctalia",
        "rev": "128e48bcfefffb48ab7854c4dce7b7fbb1c65eda",
        "type": "github"
      },
      "original": {
        "owner": "noctalia-dev",
        "ref": "cachix",
        "repo": "noctalia",
        "type": "github"
      }
    },
    "noctalia-greeter": {
      "inputs": {
        "nixpkgs": [
          "nixpkgs"
        ]
      },
      "locked": {
        "lastModified": 1784707224,
        "narHash": "sha256-K8yyxX/sShhVznU/3ejZgriayg8Fyac+bR4dCTB1864=",
        "owner": "noctalia-dev",
        "repo": "noctalia-greeter",
        "rev": "8e53bb30f1d1179c0bd2275b02915258827d62eb",
        "type": "github"
      },
      "original": {
        "owner": "noctalia-dev",
        "repo": "noctalia-greeter",
        "type": "github"
      }
    },
    "pcloud": {
      "inputs": {
        "nixpkgs": [
          "nixpkgs"
        ]
      },
      "locked": {
        "lastModified": 1784929595,
        "narHash": "sha256-kU5+/OZsGWrXfaRr7wGa/8qlxqCBN0QSUFu4ubTTq+M=",
        "owner": "Mathew-D",
        "repo": "pcloud-nix",
        "rev": "96be68668f7671cbbad84e644537639377a50d61",
        "type": "github"
      },
      "original": {
        "owner": "Mathew-D",
        "repo": "pcloud-nix",
        "type": "github"
      }
    },
    "rift": {
      "inputs": {
        "nixpkgs": [
          "nixpkgs"
        ]
      },
      "locked": {
        "lastModified": 1783118950,
        "narHash": "sha256-w0oVAr21+5ytenGboYBkIYMjQcKJetWIerfUN3R0Dcc=",
        "owner": "Mathew-D",
        "repo": "rift-nix",
        "rev": "0da8595797f58d9b52cbee198e1d9b44966b4931",
        "type": "github"
      },
      "original": {
        "owner": "Mathew-D",
        "repo": "rift-nix",
        "type": "github"
      }
    },
    "root": {
      "inputs": {
        "bambustudio": "bambustudio",
        "chaotic": "chaotic",
        "devin": "devin",
        "home-manager": "home-manager_2",
        "nixpkgs": "nixpkgs_2",
        "noctalia": "noctalia",
        "noctalia-greeter": "noctalia-greeter",
        "pcloud": "pcloud",
        "rift": "rift",
        "ts3-noweb": "ts3-noweb"
      }
    },
    "systems": {
      "locked": {
        "lastModified": 1681028828,
        "narHash": "sha256-Vy1rq5AaRuLzOxct8nz4T6wlgyUR7zLU309k9mBC768=",
        "owner": "nix-systems",
        "repo": "default",
        "rev": "da67096a3b9bf56a91d16901293e51ba5b49a27e",
        "type": "github"
      },
      "original": {
        "owner": "nix-systems",
        "repo": "default",
        "type": "github"
      }
    },
    "ts3-noweb": {
      "inputs": {
        "flake-parts": "flake-parts",
        "nixpkgs": "nixpkgs_4"
      },
      "locked": {
        "lastModified": 1780783424,
        "narHash": "sha256-dEfC/DOeTBOuwGR9PnTROt1StJZVbgTvzHrbqW4o5oE=",
        "owner": "Jokler",
        "repo": "ts3client-noweb-nix",
        "rev": "0bc98913c97e83df1b694aa01c2dfe406d687bb2",
        "type": "github"
      },
      "original": {
        "owner": "Jokler",
        "repo": "ts3client-noweb-nix",
        "type": "github"
      }
    },
    "utils": {
      "inputs": {
        "systems": "systems"
      },
      "locked": {
        "lastModified": 1731533236,
        "narHash": "sha256-l0KFg5HjrsfsO/JpG+r7fRrqm12kzFHyUHqHCVpMMbI=",
        "owner": "numtide",
        "repo": "flake-utils",
        "rev": "11707dc2f618dd54ca8739b309ec4fc024de578b",
        "type": "github"
      },
      "original": {
        "owner": "numtide",
        "repo": "flake-utils",
        "type": "github"
      }
    }
  },
  "root": "root",
  "version": 7
}
